github.com/aws/aws-sdk-go-v2 v1.27.1 h1:xypCL2owhog46iFxBKKpBcw+bPTX/RJzwNj8uSilENw=
github.com/aws/aws-sdk-go-v2 v1.27.1/go.mod h1:ffIFB97e2yNsv4aTSGkqtHnppsIJzw7G7BReUZ3jCXM=
github.com/aws/aws-sdk-go-v2/internal/configsources v1.3.8 h1:RnLB7p6aaFMRfyQkD6ckxR7myCC9SABIqSz4czYUUbU=
github.com/aws/aws-sdk-go-v2/internal/configsources v1.3.8/go.mod h1:XH7dQJd+56wEbP1I4e4Duo+QhSMxNArE8VP7NuUOTeM=
github.com/aws/aws-sdk-go-v2/internal/endpoints/v2 v2.6.8 h1:jzApk2f58L9yW9q1GEab3BMMFWUkkiZhyrRUtbwUbKU=
github.com/aws/aws-sdk-go-v2/internal/endpoints/v2 v2.6.8/go.mod h1:WqO+FftfO3tGePUtQxPXM6iODVfqMwsVMgTbG/ZXIdQ=
github.com/aws/aws-sdk-go-v2/service/internal/accept-encoding v1.11.2 h1:Ji0DY1xUsUr3I8cHps0G+XM3WWU16lP6yG8qu1GAZAs=
github.com/aws/aws-sdk-go-v2/service/internal/accept-encoding v1.11.2/go.mod h1:5CsjAbs3NlGQyZNFACh+zztPDI7fU6eW9QsxjfnuBKg=
github.com/aws/aws-sdk-go-v2/service/internal/presigned-url v1.11.10 h1:7kZqP7akv0enu6ykJhb9OYlw16oOrSy+Epus8o/VqMY=
github.com/aws/aws-sdk-go-v2/service/internal/presigned-url v1.11.10/go.mod h1:gYVF3nM1ApfTRDj9pvdhootBb8WbiIejuqn4w8ruMes=
github.com/aws/aws-sdk-go-v2/service/sts v1.28.11 h1:HYS0csS7UJxdYRoG+bGgUYrSwVnV3/ece/wHm90TApM=
github.com/aws/aws-sdk-go-v2/service/sts v1.28.11/go.mod h1:QXnthRM35zI92048MMwfFChjFmoufTdhtHmouwNfhhU=
github.com/aws/smithy-go v1.20.2 h1:tbp628ireGtzcHDDmLT/6ADHidqnwgF57XOXZe6tp4Q=
github.com/aws/smithy-go v1.20.2/go.mod h1:krry+ya/rV9RDcV/Q16kpu6ypI4K2czasz0NC3qS14E=
github.com/foxboron/go-tpm-keyfiles v0.0.0-20240602112003-cb560bbb13d0 h1:xjkw6mnSWU9pi9QLQFRTvguUXwlxqgYPDI9O5xMHfTc=
github.com/foxboron/go-tpm-keyfiles v0.0.0-20240602112003-cb560bbb13d0/go.mod h1:4CoszHnb6jqN2brhdGJQXKUKlEILXBiW+VcIsBmrla8=
github.com/google/go-tpm v0.9.1-0.20240514145214-58e3e47cd434 h1:uPadaCeI0VnloLvthGLalr0Io0IDoI1VEQ95APzVAiw=
github.com/google/go-tpm v0.9.1-0.20240514145214-58e3e47cd434/go.mod h1:h9jEsEECg7gtLis0upRBQU+GhYVH6jMjrFxI8u6bVUY=
github.com/google/go-tpm-tools v0.3.13-0.20230620182252-4639ecce2aba h1:qJEJcuLzH5KDR0gKc0zcktin6KSAwL7+jWKBYceddTc=
github.com/google/go-tpm-tools v0.3.13-0.20230620182252-4639ecce2aba/go.mod h1:EFYHy8/1y2KfgTAsx7Luu7NGhoxtuVHnNo8jE7FikKc=
github.com/google/uuid v1.6.0 h1:NIvaJDMOsjHA8n1jAhLSgzrAzy1Hgr+hNrb57e+94F0=
github.com/google/uuid v1.6.0/go.mod h1:TIyPZe4MgqvfeYDBFedMoGGpEw/LqOeaOT+nhxU+yHo=
github.com/gorilla/schema v1.3.0 h1:rbciOzXAx3IB8stEFnfTwO3sYa6EWlQk79XdyustPDA=
github.com/gorilla/schema v1.3.0/go.mod h1:Dg5SSm5PV60mhF2NFaTV1xuYYj8tV8NOPRo4FggUMnM=
github.com/salrashid123/aws_hmac/stsschema v0.0.0-20240603113244-90c0fa02c6a3 h1:l2tUeejeUW2krgdzTelqeLLoRaJnqzppy7XHuyb+FpQ=
github.com/salrashid123/aws_hmac/stsschema v0.0.0-20240603113244-90c0fa02c6a3/go.mod h1:/JTINTWSeIL/gvkmlGh7O5+knoymbf0cSat/QDaTOC0=
github.com/salrashid123/aws_hmac/stsschema v0.0.0-20240605120833-0344c3f7ae01 h1:F36mnAMLfE+PS1HrJCNFHwxObLtjepe6jPSdh0nrYeY=
github.com/salrashid123/aws_hmac/stsschema v0.0.0-20240605120833-0344c3f7ae01/go.mod h1:/JTINTWSeIL/gvkmlGh7O5+knoymbf0cSat/QDaTOC0=
github.com/salrashid123/aws_hmac/tpm v0.0.0-20240605120833-0344c3f7ae01 h1:R2ffvwHjEalkdq8vZNavQ+W/nIauLzoJuMVYzafCEMc=
github.com/salrashid123/aws_hmac/tpm v0.0.0-20240605120833-0344c3f7ae01/go.mod h1:eCehzhuLj9ENk7eKQkaJHQ8VRSSHHSRZU72MRPVITDg=
github.com/salrashid123/aws_hmac/tpm/signer v0.0.0-20240603121823-6fc15dbd588a h1:GonZDJCQ0i0bn+Xx8pFhxh+4BhGSYqm1MQc70D3bEfc=
github.com/salrashid123/aws_hmac/tpm/signer v0.0.0-20240603121823-6fc15dbd588a/go.mod h1:Nl9pupviaPhRFazkYV6B3DFs8lBZsejHT7wUqb9sKuM=
github.com/salrashid123/aws_hmac/tpm/signer v0.0.0-20240605120833-0344c3f7ae01 h1:N7IolPQrWgClHvHqkfCWxyHYjmqCvephe/9fuHWfYlA=
github.com/salrashid123/aws_hmac/tpm/signer v0.0.0-20240605120833-0344c3f7ae01/go.mod h1:Nl9pupviaPhRFazkYV6B3DFs8lBZsejHT7wUqb9sKuM=
github.com/salrashid123/aws_hmac/tpm/signer/v4 v4.0.0-20240603113244-90c0fa02c6a3 h1:K2lqaheZbuo3OkO3B3avKLmU6E/zK9lhgpMuhGMQcZE=
github.com/salrashid123/aws_hmac/tpm/signer/v4 v4.0.0-20240603113244-90c0fa02c6a3/go.mod h1:oLUtAiGD9uvrjNrdBWEhi/cuMxgehNJuIJX6bOlAONI=
github.com/salrashid123/aws_hmac/tpm/signer/v4 v4.0.0-20240605120833-0344c3f7ae01 h1:/ZJKyqMqVuZ6WO1WWlxCva1DEo9dJLy/Ofb5ZSMkXf8=
github.com/salrashid123/aws_hmac/tpm/signer/v4 v4.0.0-20240605120833-0344c3f7ae01/go.mod h1:oLUtAiGD9uvrjNrdBWEhi/cuMxgehNJuIJX6bOlAONI=
golang.org/x/crypto v0.24.0 h1:mnl8DM0o513X8fdIkmyFE/5hTYxbwYOjDS/+rK6qpRI=
golang.org/x/crypto v0.24.0/go.mod h1:Z1PMYSOR5nyMcyAVAIQSKCDwalqy85Aqn1x3Ws4L5DM=
golang.org/x/sys v0.21.0 h1:rF+pYz3DAGSQAxAu1CbC7catZg4ebC4UIeIhKxBZvws=
golang.org/x/sys v0.21.0/go.mod h1:/VUhepiaJMQUp4+oa/7Zr1D23ma6VTLIYjOOTFZPUcA=
